// !$*UTF8*$!
{
	archiveVersion = 1;
	classes = {
	};
	objectVersion = 77;
	objects = {

/* Begin PBXBuildFile section */
		FBA000012FA4000100000001 /* FirebaseCore in Frameworks */ = {isa = PBXBuildFile; productRef = FBA000052FA4000100000005 /* FirebaseCore */; };
		FBA000022FA4000100000002 /* FirebaseAuth in Frameworks */ = {isa = PBXBuildFile; productRef = FBA000062FA4000100000006 /* FirebaseAuth */; };
		FBA000042FA4000100000004 /* FirebaseFunctions in Frameworks */ = {isa = PBXBuildFile; productRef = FBA000082FA4000100000008 /* FirebaseFunctions */; };
		AA770000000000000000000B /* SugarShiftWidgetsExtension.appex in Embed Foundation Extensions */ = {isa = PBXBuildFile; fileRef = AA7700000000000000000001 /* SugarShiftWidgetsExtension.appex */; settings = {ATTRIBUTES = (RemoveHeadersOnCopy, ); }; };
/* End PBXBuildFile section */

/* Begin PBXContainerItemProxy section */
		5B167D5D2FA28BA300FFC986 /* PBXContainerItemProxy */ = {
			isa = PBXContainerItemProxy;
			containerPortal = 5B167D3B2FA28BA000FFC986 /* Project object */;
			proxyType = 1;
			remoteGlobalIDString = 5B167D422FA28BA000FFC986;
			remoteInfo = SugarShift;
		};
		5B167D672FA28BA300FFC986 /* PBXContainerItemProxy */ = {
			isa = PBXContainerItemProxy;
			containerPortal = 5B167D3B2FA28BA000FFC986 /* Project object */;
			proxyType = 1;
			remoteGlobalIDString = 5B167D422FA28BA000FFC986;
			remoteInfo = SugarShift;
		};
		AA7700000000000000000008 /* PBXContainerItemProxy */ = {
			isa = PBXContainerItemProxy;
			containerPortal = 5B167D3B2FA28BA000FFC986 /* Project object */;
			proxyType = 1;
			remoteGlobalIDString = AA7700000000000000000004;
			remoteInfo = SugarShiftWidgetsExtension;
		};
/* End PBXContainerItemProxy section */

/* Begin PBXCopyFilesBuildPhase section */
		AA770000000000000000000A /* Embed Foundation Extensions */ = {
			isa = PBXCopyFilesBuildPhase;
			buildActionMask = 2147483647;
			dstPath = "";
			dstSubfolderSpec = 13;
			files = (
				AA770000000000000000000B /* SugarShiftWidgetsExtension.appex in Embed Foundation Extensions */,
			);
			name = "Embed Foundation Extensions";
			runOnlyForDeploymentPostprocessing = 0;
		};
/* End PBXCopyFilesBuildPhase section */

/* Begin PBXFileReference section */
		5B167D432FA28BA000FFC986 /* SugarShift.app */ = {isa = PBXFileReference; explicitFileType = wrapper.application; includeInIndex = 0; path = SugarShift.app; sourceTree = BUILT_PRODUCTS_DIR; };
		5B167D5C2FA28BA300FFC986 /* SugarShiftTests.xctest */ = {isa = PBXFileReference; explicitFileType = wrapper.cfbundle; includeInIndex = 0; path = SugarShiftTests.xctest; sourceTree = BUILT_PRODUCTS_DIR; };
		5B167D662FA28BA300FFC986 /* SugarShiftUITests.xctest */ = {isa = PBXFileReference; explicitFileType = wrapper.cfbundle; includeInIndex = 0; path = SugarShiftUITests.xctest; sourceTree = BUILT_PRODUCTS_DIR; };
		AA7700000000000000000001 /* SugarShiftWidgetsExtension.appex */ = {isa = PBXFileReference; explicitFileType = "wrapper.app-extension"; includeInIndex = 0; path = SugarShiftWidgetsExtension.appex; sourceTree = BUILT_PRODUCTS_DIR; };
/* End PBXFileReference section */

/* Begin PBXFileSystemSynchronizedBuildFileExceptionSet section */
		AA770000000000000000000F /* Exceptions for "SugarShiftWidgets" folder in "SugarShiftWidgetsExtension" target */ = {
			isa = PBXFileSystemSynchronizedBuildFileExceptionSet;
			membershipExceptions = (
				Info.plist,
			);
			target = AA7700000000000000000004 /* SugarShiftWidgetsExtension */;
		};
/* End PBXFileSystemSynchronizedBuildFileExceptionSet section */

/* Begin PBXFileSystemSynchronizedRootGroup section */
		5B167D452FA28BA000FFC986 /* SugarShift */ = {
			isa = PBXFileSystemSynchronizedRootGroup;
			path = SugarShift;
			sourceTree = "<group>";
		};
		5B167D5F2FA28BA300FFC986 /* SugarShiftTests */ = {
			isa = PBXFileSystemSynchronizedRootGroup;
			path = SugarShiftTests;
			sourceTree = "<group>";
		};
		5B167D692FA28BA300FFC986 /* SugarShiftUITests */ = {
			isa = PBXFileSystemSynchronizedRootGroup;
			path = SugarShiftUITests;
			sourceTree = "<group>";
		};
		AA7700000000000000000002 /* SugarShiftWidgets */ = {
			isa = PBXFileSystemSynchronizedRootGroup;
			exceptions = (
				AA770000000000000000000F /* Exceptions for "SugarShiftWidgets" folder in "SugarShiftWidgetsExtension" target */,
			);
			path = SugarShiftWidgets;
			sourceTree = "<group>";
		};
		AA7700000000000000000003 /* WidgetShared */ = {
			isa = PBXFileSystemSynchronizedRootGroup;
			path = WidgetShared;
			sourceTree = "<group>";
		};
/* End PBXFileSystemSynchronizedRootGroup section */

/* Begin PBXFrameworksBuildPhase section */
		5B167D402FA28BA000FFC986 /* Frameworks */ = {
			isa = PBXFrameworksBuildPhase;
			buildActionMask = 2147483647;
			files = (
				FBA000012FA4000100000001 /* FirebaseCore in Frameworks */,
				FBA000022FA4000100000002 /* FirebaseAuth in Frameworks */,
				FBA000042FA4000100000004 /* FirebaseFunctions in Frameworks */,
			);
			runOnlyForDeploymentPostprocessing = 0;
		};
		5B167D592FA28BA300FFC986 /* Frameworks */ = {
			isa = PBXFrameworksBuildPhase;
			buildActionMask = 2147483647;
			files = (
			);
			runOnlyForDeploymentPostprocessing = 0;
		};
		5B167D632FA28BA300FFC986 /* Frameworks */ = {
			isa = PBXFrameworksBuildPhase;
			buildActionMask = 2147483647;
			files = (
			);
			runOnlyForDeploymentPostprocessing = 0;
		};
		AA7700000000000000000006 /* Frameworks */ = {
			isa = PBXFrameworksBuildPhase;
			buildActionMask = 2147483647;
			files = (
			);
			runOnlyForDeploymentPostprocessing = 0;
		};
/* End PBXFrameworksBuildPhase section */

/* Begin PBXGroup section */
		5B167D3A2FA28BA000FFC986 = {
			isa = PBXGroup;
			children = (
				5B167D452FA28BA000FFC986 /* SugarShift */,
				AA7700000000000000000002 /* SugarShiftWidgets */,
				AA7700000000000000000003 /* WidgetShared */,
				5B167D5F2FA28BA300FFC986 /* SugarShiftTests */,
				5B167D692FA28BA300FFC986 /* SugarShiftUITests */,
				5B167D442FA28BA000FFC986 /* Products */,
			);
			sourceTree = "<group>";
		};
		5B167D442FA28BA000FFC986 /* Products */ = {
			isa = PBXGroup;
			children = (
				5B167D432FA28BA000FFC986 /* SugarShift.app */,
				5B167D5C2FA28BA300FFC986 /* SugarShiftTests.xctest */,
				5B167D662FA28BA300FFC986 /* SugarShiftUITests.xctest */,
				AA7700000000000000000001 /* SugarShiftWidgetsExtension.appex */,
			);
			name = Products;
			sourceTree = "<group>";
		};
/* End PBXGroup section */

/* Begin PBXNativeTarget section */
		5B167D422FA28BA000FFC986 /* SugarShift */ = {
			isa = PBXNativeTarget;
			buildConfigurationList = 5B167D702FA28BA300FFC986 /* Build configuration list for PBXNativeTarget "SugarShift" */;
			buildPhases = (
				5B167D3F2FA28BA000FFC986 /* Sources */,
				5B167D402FA28BA000FFC986 /* Frameworks */,
				5B167D412FA28BA000FFC986 /* Resources */,
				AA770000000000000000000A /* Embed Foundation Extensions */,
			);
			buildRules = (
			);
			dependencies = (
				AA7700000000000000000009 /* PBXTargetDependency */,
			);
			fileSystemSynchronizedGroups = (
				5B167D452FA28BA000FFC986 /* SugarShift */,
				AA7700000000000000000003 /* WidgetShared */,
			);
			name = SugarShift;
			packageProductDependencies = (
				FBA000052FA4000100000005 /* FirebaseCore */,
				FBA000062FA4000100000006 /* FirebaseAuth */,
				FBA000082FA4000100000008 /* FirebaseFunctions */,
			);
			productName = SugarShift;
			productReference = 5B167D432FA28BA000FFC986 /* SugarShift.app */;
			productType = "com.apple.product-type.application";
		};
		5B167D5B2FA28BA300FFC986 /* SugarShiftTests */ = {
			isa = PBXNativeTarget;
			buildConfigurationList = 5B167D732FA28BA300FFC986 /* Build configuration list for PBXNativeTarget "SugarShiftTests" */;
			buildPhases = (
				5B167D582FA28BA300FFC986 /* Sources */,
				5B167D592FA28BA300FFC986 /* Frameworks */,
				5B167D5A2FA28BA300FFC986 /* Resources */,
			);
			buildRules = (
			);
			dependencies = (
				5B167D5E2FA28BA300FFC986 /* PBXTargetDependency */,
			);
			fileSystemSynchronizedGroups = (
				5B167D5F2FA28BA300FFC986 /* SugarShiftTests */,
			);
			name = SugarShiftTests;
			packageProductDependencies = (
			);
			productName = SugarShiftTests;
			productReference = 5B167D5C2FA28BA300FFC986 /* SugarShiftTests.xctest */;
			productType = "com.apple.product-type.bundle.unit-test";
		};
		AA7700000000000000000004 /* SugarShiftWidgetsExtension */ = {
			isa = PBXNativeTarget;
			buildConfigurationList = AA770000000000000000000C /* Build configuration list for PBXNativeTarget "SugarShiftWidgetsExtension" */;
			buildPhases = (
				AA7700000000000000000005 /* Sources */,
				AA7700000000000000000006 /* Frameworks */,
				AA7700000000000000000007 /* Resources */,
			);
			buildRules = (
			);
			dependencies = (
			);
			fileSystemSynchronizedGroups = (
				AA7700000000000000000002 /* SugarShiftWidgets */,
				AA7700000000000000000003 /* WidgetShared */,
			);
			name = SugarShiftWidgetsExtension;
			packageProductDependencies = (
			);
			productName = SugarShiftWidgetsExtension;
			productReference = AA7700000000000000000001 /* SugarShiftWidgetsExtension.appex */;
			productType = "com.apple.product-type.app-extension";
		};
		5B167D652FA28BA300FFC986 /* SugarShiftUITests */ = {
			isa = PBXNativeTarget;
			buildConfigurationList = 5B167D762FA28BA300FFC986 /* Build configuration list for PBXNativeTarget "SugarShiftUITests" */;
			buildPhases = (
				5B167D622FA28BA300FFC986 /* Sources */,
				5B167D632FA28BA300FFC986 /* Frameworks */,
				5B167D642FA28BA300FFC986 /* Resources */,
			);
			buildRules = (
			);
			dependencies = (
				5B167D682FA28BA300FFC986 /* PBXTargetDependency */,
			);
			fileSystemSynchronizedGroups = (
				5B167D692FA28BA300FFC986 /* SugarShiftUITests */,
			);
			name = SugarShiftUITests;
			packageProductDependencies = (
			);
			productName = SugarShiftUITests;
			productReference = 5B167D662FA28BA300FFC986 /* SugarShiftUITests.xctest */;
			productType = "com.apple.product-type.bundle.ui-testing";
		};
/* End PBXNativeTarget section */

/* Begin PBXProject section */
		5B167D3B2FA28BA000FFC986 /* Project object */ = {
			isa = PBXProject;
			attributes = {
				BuildIndependentTargetsInParallel = 1;
				LastSwiftUpdateCheck = 2620;
				LastUpgradeCheck = 2620;
				TargetAttributes = {
					5B167D422FA28BA000FFC986 = {
						CreatedOnToolsVersion = 26.2;
						SystemCapabilities = {
							com.apple.GameCenter = {
								enabled = 1;
							};
						};
					};
					5B167D5B2FA28BA300FFC986 = {
						CreatedOnToolsVersion = 26.2;
						TestTargetID = 5B167D422FA28BA000FFC986;
					};
					5B167D652FA28BA300FFC986 = {
						CreatedOnToolsVersion = 26.2;
						TestTargetID = 5B167D422FA28BA000FFC986;
					};
					AA7700000000000000000004 = {
						CreatedOnToolsVersion = 26.2;
					};
				};
			};
			buildConfigurationList = 5B167D3E2FA28BA000FFC986 /* Build configuration list for PBXProject "SugarShift" */;
			developmentRegion = en;
			hasScannedForEncodings = 0;
			knownRegions = (
				en,
				Base,
			);
			mainGroup = 5B167D3A2FA28BA000FFC986;
			minimizedProjectReferenceProxies = 1;
			packageReferences = (
				FBA000092FA4000100000009 /* XCRemoteSwiftPackageReference "firebase-ios-sdk" */,
			);
			preferredProjectObjectVersion = 77;
			productRefGroup = 5B167D442FA28BA000FFC986 /* Products */;
			projectDirPath = "";
			projectRoot = "";
			targets = (
				5B167D422FA28BA000FFC986 /* SugarShift */,
				5B167D5B2FA28BA300FFC986 /* SugarShiftTests */,
				5B167D652FA28BA300FFC986 /* SugarShiftUITests */,
				AA7700000000000000000004 /* SugarShiftWidgetsExtension */,
			);
		};
/* End PBXProject section */

/* Begin PBXResourcesBuildPhase section */
		5B167D412FA28BA000FFC986 /* Resources */ = {
			isa = PBXResourcesBuildPhase;
			buildActionMask = 2147483647;
			files = (
			);
			runOnlyForDeploymentPostprocessing = 0;
		};
		5B167D5A2FA28BA300FFC986 /* Resources */ = {
			isa = PBXResourcesBuildPhase;
			buildActionMask = 2147483647;
			files = (
			);
			runOnlyForDeploymentPostprocessing = 0;
		};
		5B167D642FA28BA300FFC986 /* Resources */ = {
			isa = PBXResourcesBuildPhase;
			buildActionMask = 2147483647;
			files = (
			);
			runOnlyForDeploymentPostprocessing = 0;
		};
		AA7700000000000000000007 /* Resources */ = {
			isa = PBXResourcesBuildPhase;
			buildActionMask = 2147483647;
			files = (
			);
			runOnlyForDeploymentPostprocessing = 0;
		};
/* End PBXResourcesBuildPhase section */

/* Begin PBXSourcesBuildPhase section */
		5B167D3F2FA28BA000FFC986 /* Sources */ = {
			isa = PBXSourcesBuildPhase;
			buildActionMask = 2147483647;
			files = (
			);
			runOnlyForDeploymentPostprocessing = 0;
		};
		5B167D582FA28BA300FFC986 /* Sources */ = {
			isa = PBXSourcesBuildPhase;
			buildActionMask = 2147483647;
			files = (
			);
			runOnlyForDeploymentPostprocessing = 0;
		};
		5B167D622FA28BA300FFC986 /* Sources */ = {
			isa = PBXSourcesBuildPhase;
			buildActionMask = 2147483647;
			files = (
			);
			runOnlyForDeploymentPostprocessing = 0;
		};
		AA7700000000000000000005 /* Sources */ = {
			isa = PBXSourcesBuildPhase;
			buildActionMask = 2147483647;
			files = (
			);
			runOnlyForDeploymentPostprocessing = 0;
		};
/* End PBXSourcesBuildPhase section */

/* Begin PBXTargetDependency section */
		5B167D5E2FA28BA300FFC986 /* PBXTargetDependency */ = {
			isa = PBXTargetDependency;
			target = 5B167D422FA28BA000FFC986 /* SugarShift */;
			targetProxy = 5B167D5D2FA28BA300FFC986 /* PBXContainerItemProxy */;
		};
		5B167D682FA28BA300FFC986 /* PBXTargetDependency */ = {
			isa = PBXTargetDependency;
			target = 5B167D422FA28BA000FFC986 /* SugarShift */;
			targetProxy = 5B167D672FA28BA300FFC986 /* PBXContainerItemProxy */;
		};
		AA7700000000000000000009 /* PBXTargetDependency */ = {
			isa = PBXTargetDependency;
			target = AA7700000000000000000004 /* SugarShiftWidgetsExtension */;
			targetProxy = AA7700000000000000000008 /* PBXContainerItemProxy */;
		};
/* End PBXTargetDependency section */

/* Begin XCBuildConfiguration section */
		5B167D6E2FA28BA300FFC986 /* Debug */ = {
			isa = XCBuildConfiguration;
			buildSettings = {
				ALWAYS_SEARCH_USER_PATHS = NO;
				ASSETCATALOG_COMPILER_GENERATE_SWIFT_ASSET_SYMBOL_EXTENSIONS = YES;
				CLANG_ANALYZER_NONNULL = YES;
				CLANG_ANALYZER_NUMBER_OBJECT_CONVERSION = YES_AGGRESSIVE;
				CLANG_CXX_LANGUAGE_STANDARD = "gnu++20";
				CLANG_ENABLE_MODULES = YES;
				CLANG_ENABLE_OBJC_ARC = YES;
				CLANG_ENABLE_OBJC_WEAK = YES;
				CLANG_WARN_BLOCK_CAPTURE_AUTORELEASING = YES;
				CLANG_WARN_BOOL_CONVERSION = YES;
				CLANG_WARN_COMMA = YES;
				CLANG_WARN_CONSTANT_CONVERSION = YES;
				CLANG_WARN_DEPRECATED_OBJC_IMPLEMENTATIONS = YES;
				CLANG_WARN_DIRECT_OBJC_ISA_USAGE = YES_ERROR;
				CLANG_WARN_DOCUMENTATION_COMMENTS = YES;
				CLANG_WARN_EMPTY_BODY = YES;
				CLANG_WARN_ENUM_CONVERSION = YES;
				CLANG_WARN_INFINITE_RECURSION = YES;
				CLANG_WARN_INT_CONVERSION = YES;
				CLANG_WARN_NON_LITERAL_NULL_CONVERSION = YES;
				CLANG_WARN_OBJC_IMPLICIT_RETAIN_SELF = YES;
				CLANG_WARN_OBJC_LITERAL_CONVERSION = YES;
				CLANG_WARN_OBJC_ROOT_CLASS = YES_ERROR;
				CLANG_WARN_QUOTED_INCLUDE_IN_FRAMEWORK_HEADER = YES;
				CLANG_WARN_RANGE_LOOP_ANALYSIS = YES;
				CLANG_WARN_STRICT_PROTOTYPES = YES;
				CLANG_WARN_SUSPICIOUS_MOVE = YES;
				CLANG_WARN_UNGUARDED_AVAILABILITY = YES_AGGRESSIVE;
				CLANG_WARN_UNREACHABLE_CODE = YES;
				CLANG_WARN__DUPLICATE_METHOD_MATCH = YES;
				COPY_PHASE_STRIP = NO;
				DEBUG_INFORMATION_FORMAT = dwarf;
				DEVELOPMENT_TEAM = B98QD8MH9U;
				ENABLE_STRICT_OBJC_MSGSEND = YES;
				ENABLE_TESTABILITY = YES;
				ENABLE_USER_SCRIPT_SANDBOXING = YES;
				GCC_C_LANGUAGE_STANDARD = gnu17;
				GCC_DYNAMIC_NO_PIC = NO;
				GCC_NO_COMMON_BLOCKS = YES;
				GCC_OPTIMIZATION_LEVEL = 0;
				GCC_PREPROCESSOR_DEFINITIONS = (
					"DEBUG=1",
					"$(inherited)",
				);
				GCC_WARN_64_TO_32_BIT_CONVERSION = YES;
				GCC_WARN_ABOUT_RETURN_TYPE = YES_ERROR;
				GCC_WARN_UNDECLARED_SELECTOR = YES;
				GCC_WARN_UNINITIALIZED_AUTOS = YES_AGGRESSIVE;
				GCC_WARN_UNUSED_FUNCTION = YES;
				GCC_WARN_UNUSED_VARIABLE = YES;
				IPHONEOS_DEPLOYMENT_TARGET = 16.0;
				LOCALIZATION_PREFERS_STRING_CATALOGS = YES;
				MTL_ENABLE_DEBUG_INFO = INCLUDE_SOURCE;
				MTL_FAST_MATH = YES;
				ONLY_ACTIVE_ARCH = YES;
				SDKROOT = iphoneos;
				SWIFT_ACTIVE_COMPILATION_CONDITIONS = "DEBUG $(inherited)";
				SWIFT_OPTIMIZATION_LEVEL = "-Onone";
			};
			name = Debug;
		};
		5B167D6F2FA28BA300FFC986 /* Release */ = {
			isa = XCBuildConfiguration;
			buildSettings = {
				ALWAYS_SEARCH_USER_PATHS = NO;
				ASSETCATALOG_COMPILER_GENERATE_SWIFT_ASSET_SYMBOL_EXTENSIONS = YES;
				CLANG_ANALYZER_NONNULL = YES;
				CLANG_ANALYZER_NUMBER_OBJECT_CONVERSION = YES_AGGRESSIVE;
				CLANG_CXX_LANGUAGE_STANDARD = "gnu++20";
				CLANG_ENABLE_MODULES = YES;
				CLANG_ENABLE_OBJC_ARC = YES;
				CLANG_ENABLE_OBJC_WEAK = YES;
				CLANG_WARN_BLOCK_CAPTURE_AUTORELEASING = YES;
				CLANG_WARN_BOOL_CONVERSION = YES;
				CLANG_WARN_COMMA = YES;
				CLANG_WARN_CONSTANT_CONVERSION = YES;
				CLANG_WARN_DEPRECATED_OBJC_IMPLEMENTATIONS = YES;
				CLANG_WARN_DIRECT_OBJC_ISA_USAGE = YES_ERROR;
				CLANG_WARN_DOCUMENTATION_COMMENTS = YES;
				CLANG_WARN_EMPTY_BODY = YES;
				CLANG_WARN_ENUM_CONVERSION = YES;
				CLANG_WARN_INFINITE_RECURSION = YES;
				CLANG_WARN_INT_CONVERSION = YES;
				CLANG_WARN_NON_LITERAL_NULL_CONVERSION = YES;
				CLANG_WARN_OBJC_IMPLICIT_RETAIN_SELF = YES;
				CLANG_WARN_OBJC_LITERAL_CONVERSION = YES;
				CLANG_WARN_OBJC_ROOT_CLASS = YES_ERROR;
				CLANG_WARN_QUOTED_INCLUDE_IN_FRAMEWORK_HEADER = YES;
				CLANG_WARN_RANGE_LOOP_ANALYSIS = YES;
				CLANG_WARN_STRICT_PROTOTYPES = YES;
				CLANG_WARN_SUSPICIOUS_MOVE = YES;
				CLANG_WARN_UNGUARDED_AVAILABILITY = YES_AGGRESSIVE;
				CLANG_WARN_UNREACHABLE_CODE = YES;
				CLANG_WARN__DUPLICATE_METHOD_MATCH = YES;
				COPY_PHASE_STRIP = NO;
				DEBUG_INFORMATION_FORMAT = "dwarf-with-dsym";
				DEVELOPMENT_TEAM = B98QD8MH9U;
				ENABLE_NS_ASSERTIONS = NO;
				ENABLE_STRICT_OBJC_MSGSEND = YES;
				ENABLE_USER_SCRIPT_SANDBOXING = YES;
				GCC_C_LANGUAGE_STANDARD = gnu17;
				GCC_NO_COMMON_BLOCKS = YES;
				GCC_WARN_64_TO_32_BIT_CONVERSION = YES;
				GCC_WARN_ABOUT_RETURN_TYPE = YES_ERROR;
				GCC_WARN_UNDECLARED_SELECTOR = YES;
				GCC_WARN_UNINITIALIZED_AUTOS = YES_AGGRESSIVE;
				GCC_WARN_UNUSED_FUNCTION = YES;
				GCC_WARN_UNUSED_VARIABLE = YES;
				IPHONEOS_DEPLOYMENT_TARGET = 16.0;
				LOCALIZATION_PREFERS_STRING_CATALOGS = YES;
				MTL_ENABLE_DEBUG_INFO = NO;
				MTL_FAST_MATH = YES;
				SDKROOT = iphoneos;
				SWIFT_COMPILATION_MODE = wholemodule;
				VALIDATE_PRODUCT = YES;
			};
			name = Release;
		};
		5B167D712FA28BA300FFC986 /* Debug */ = {
			isa = XCBuildConfiguration;
			buildSettings = {
				ASSETCATALOG_COMPILER_APPICON_NAME = AppIcon;
				ASSETCATALOG_COMPILER_GLOBAL_ACCENT_COLOR_NAME = AccentColor;
				CODE_SIGN_ENTITLEMENTS = SugarShift/SugarShift.entitlements;
				CODE_SIGN_STYLE = Automatic;
				CURRENT_PROJECT_VERSION = 8;
				DEVELOPMENT_TEAM = B98QD8MH9U;
				GENERATE_INFOPLIST_FILE = YES;
				INFOPLIST_KEY_NSSupportsLiveActivities = YES;
				INFOPLIST_KEY_UIApplicationSceneManifest_Generation = YES;
				INFOPLIST_KEY_UIApplicationSupportsIndirectInputEvents = YES;
				INFOPLIST_KEY_UILaunchStoryboardName = LaunchScreen;
				INFOPLIST_KEY_UIStatusBarHidden = YES;
				INFOPLIST_KEY_UISupportedInterfaceOrientations_iPad = "UIInterfaceOrientationPortrait UIInterfaceOrientationPortraitUpsideDown UIInterfaceOrientationLandscapeLeft UIInterfaceOrientationLandscapeRight";
				INFOPLIST_KEY_UISupportedInterfaceOrientations_iPhone = "UIInterfaceOrientationPortrait UIInterfaceOrientationLandscapeLeft UIInterfaceOrientationLandscapeRight";
				LD_RUNPATH_SEARCH_PATHS = (
					"$(inherited)",
					"@executable_path/Frameworks",
				);
				MARKETING_VERSION = 1.0;
				PRODUCT_BUNDLE_IDENTIFIER = com.currenttech.SugarShift;
				PRODUCT_NAME = "$(TARGET_NAME)";
				STRING_CATALOG_GENERATE_SYMBOLS = YES;
				SWIFT_APPROACHABLE_CONCURRENCY = YES;
				SWIFT_DEFAULT_ACTOR_ISOLATION = MainActor;
				SWIFT_EMIT_LOC_STRINGS = YES;
				SWIFT_UPCOMING_FEATURE_MEMBER_IMPORT_VISIBILITY = YES;
				SWIFT_VERSION = 5.0;
				TARGETED_DEVICE_FAMILY = "1,2";
			};
			name = Debug;
		};
		5B167D722FA28BA300FFC986 /* Release */ = {
			isa = XCBuildConfiguration;
			buildSettings = {
				ASSETCATALOG_COMPILER_APPICON_NAME = AppIcon;
				ASSETCATALOG_COMPILER_GLOBAL_ACCENT_COLOR_NAME = AccentColor;
				CODE_SIGN_ENTITLEMENTS = SugarShift/SugarShift.entitlements;
				CODE_SIGN_STYLE = Automatic;
				CURRENT_PROJECT_VERSION = 8;
				DEVELOPMENT_TEAM = B98QD8MH9U;
				GENERATE_INFOPLIST_FILE = YES;
				INFOPLIST_KEY_NSSupportsLiveActivities = YES;
				INFOPLIST_KEY_UIApplicationSceneManifest_Generation = YES;
				INFOPLIST_KEY_UIApplicationSupportsIndirectInputEvents = YES;
				INFOPLIST_KEY_UILaunchStoryboardName = LaunchScreen;
				INFOPLIST_KEY_UIStatusBarHidden = YES;
				INFOPLIST_KEY_UISupportedInterfaceOrientations_iPad = "UIInterfaceOrientationPortrait UIInterfaceOrientationPortraitUpsideDown UIInterfaceOrientationLandscapeLeft UIInterfaceOrientationLandscapeRight";
				INFOPLIST_KEY_UISupportedInterfaceOrientations_iPhone = "UIInterfaceOrientationPortrait UIInterfaceOrientationLandscapeLeft UIInterfaceOrientationLandscapeRight";
				LD_RUNPATH_SEARCH_PATHS = (
					"$(inherited)",
					"@executable_path/Frameworks",
				);
				MARKETING_VERSION = 1.0;
				PRODUCT_BUNDLE_IDENTIFIER = com.currenttech.SugarShift;
				PRODUCT_NAME = "$(TARGET_NAME)";
				STRING_CATALOG_GENERATE_SYMBOLS = YES;
				SWIFT_APPROACHABLE_CONCURRENCY = YES;
				SWIFT_DEFAULT_ACTOR_ISOLATION = MainActor;
				SWIFT_EMIT_LOC_STRINGS = YES;
				SWIFT_UPCOMING_FEATURE_MEMBER_IMPORT_VISIBILITY = YES;
				SWIFT_VERSION = 5.0;
				TARGETED_DEVICE_FAMILY = "1,2";
			};
			name = Release;
		};
		5B167D742FA28BA300FFC986 /* Debug */ = {
			isa = XCBuildConfiguration;
			buildSettings = {
				BUNDLE_LOADER = "$(TEST_HOST)";
				CODE_SIGNING_ALLOWED = YES;
				CODE_SIGNING_REQUIRED = YES;
				"CODE_SIGN_IDENTITY[sdk=iphonesimulator*]" = "-";
				CODE_SIGN_STYLE = Automatic;
				CURRENT_PROJECT_VERSION = 8;
				DEVELOPMENT_TEAM = B98QD8MH9U;
				GENERATE_INFOPLIST_FILE = YES;
				IPHONEOS_DEPLOYMENT_TARGET = 16.0;
				MARKETING_VERSION = 1.0;
				PRODUCT_BUNDLE_IDENTIFIER = com.currenttech.SugarShiftTests;
				PRODUCT_NAME = "$(TARGET_NAME)";
				STRING_CATALOG_GENERATE_SYMBOLS = NO;
				SWIFT_APPROACHABLE_CONCURRENCY = YES;
				SWIFT_EMIT_LOC_STRINGS = NO;
				SWIFT_UPCOMING_FEATURE_MEMBER_IMPORT_VISIBILITY = YES;
				SWIFT_VERSION = 5.0;
				TARGETED_DEVICE_FAMILY = "1,2";
				TEST_HOST = "$(BUILT_PRODUCTS_DIR)/SugarShift.app/$(BUNDLE_EXECUTABLE_FOLDER_PATH)/SugarShift";
			};
			name = Debug;
		};
		5B167D752FA28BA300FFC986 /* Release */ = {
			isa = XCBuildConfiguration;
			buildSettings = {
				BUNDLE_LOADER = "$(TEST_HOST)";
				CODE_SIGNING_ALLOWED = YES;
				CODE_SIGNING_REQUIRED = YES;
				"CODE_SIGN_IDENTITY[sdk=iphonesimulator*]" = "-";
				CODE_SIGN_STYLE = Automatic;
				CURRENT_PROJECT_VERSION = 8;
				DEVELOPMENT_TEAM = B98QD8MH9U;
				GENERATE_INFOPLIST_FILE = YES;
				IPHONEOS_DEPLOYMENT_TARGET = 16.0;
				MARKETING_VERSION = 1.0;
				PRODUCT_BUNDLE_IDENTIFIER = com.currenttech.SugarShiftTests;
				PRODUCT_NAME = "$(TARGET_NAME)";
				STRING_CATALOG_GENERATE_SYMBOLS = NO;
				SWIFT_APPROACHABLE_CONCURRENCY = YES;
				SWIFT_EMIT_LOC_STRINGS = NO;
				SWIFT_UPCOMING_FEATURE_MEMBER_IMPORT_VISIBILITY = YES;
				SWIFT_VERSION = 5.0;
				TARGETED_DEVICE_FAMILY = "1,2";
				TEST_HOST = "$(BUILT_PRODUCTS_DIR)/SugarShift.app/$(BUNDLE_EXECUTABLE_FOLDER_PATH)/SugarShift";
			};
			name = Release;
		};
		5B167D772FA28BA300FFC986 /* Debug */ = {
			isa = XCBuildConfiguration;
			buildSettings = {
				CODE_SIGNING_ALLOWED = YES;
				CODE_SIGNING_REQUIRED = YES;
				"CODE_SIGN_IDENTITY[sdk=iphonesimulator*]" = "-";
				CODE_SIGN_STYLE = Automatic;
				CURRENT_PROJECT_VERSION = 8;
				DEVELOPMENT_TEAM = B98QD8MH9U;
				GENERATE_INFOPLIST_FILE = YES;
				MARKETING_VERSION = 1.0;
				PRODUCT_BUNDLE_IDENTIFIER = com.currenttech.SugarShiftUITests;
				PRODUCT_NAME = "$(TARGET_NAME)";
				STRING_CATALOG_GENERATE_SYMBOLS = NO;
				SWIFT_APPROACHABLE_CONCURRENCY = YES;
				SWIFT_EMIT_LOC_STRINGS = NO;
				SWIFT_UPCOMING_FEATURE_MEMBER_IMPORT_VISIBILITY = YES;
				SWIFT_VERSION = 5.0;
				TARGETED_DEVICE_FAMILY = "1,2";
				TEST_TARGET_NAME = SugarShift;
			};
			name = Debug;
		};
		5B167D782FA28BA300FFC986 /* Release */ = {
			isa = XCBuildConfiguration;
			buildSettings = {
				CODE_SIGNING_ALLOWED = YES;
				CODE_SIGNING_REQUIRED = YES;
				"CODE_SIGN_IDENTITY[sdk=iphonesimulator*]" = "-";
				CODE_SIGN_STYLE = Automatic;
				CURRENT_PROJECT_VERSION = 8;
				DEVELOPMENT_TEAM = B98QD8MH9U;
				GENERATE_INFOPLIST_FILE = YES;
				MARKETING_VERSION = 1.0;
				PRODUCT_BUNDLE_IDENTIFIER = com.currenttech.SugarShiftUITests;
				PRODUCT_NAME = "$(TARGET_NAME)";
				STRING_CATALOG_GENERATE_SYMBOLS = NO;
				SWIFT_APPROACHABLE_CONCURRENCY = YES;
				SWIFT_EMIT_LOC_STRINGS = NO;
				SWIFT_UPCOMING_FEATURE_MEMBER_IMPORT_VISIBILITY = YES;
				SWIFT_VERSION = 5.0;
				TARGETED_DEVICE_FAMILY = "1,2";
				TEST_TARGET_NAME = SugarShift;
			};
			name = Release;
		};
		AA770000000000000000000D /* Debug */ = {
			isa = XCBuildConfiguration;
			buildSettings = {
				CODE_SIGN_ENTITLEMENTS = SugarShiftWidgets/SugarShiftWidgets.entitlements;
				CODE_SIGN_STYLE = Automatic;
				CURRENT_PROJECT_VERSION = 8;
				DEVELOPMENT_TEAM = B98QD8MH9U;
				GENERATE_INFOPLIST_FILE = YES;
				INFOPLIST_FILE = SugarShiftWidgets/Info.plist;
				INFOPLIST_KEY_CFBundleDisplayName = SugarShift;
				INFOPLIST_KEY_NSHumanReadableCopyright = "";
				IPHONEOS_DEPLOYMENT_TARGET = 17.0;
				LD_RUNPATH_SEARCH_PATHS = (
					"$(inherited)",
					"@executable_path/Frameworks",
					"@executable_path/../../Frameworks",
				);
				MARKETING_VERSION = 1.0;
				PRODUCT_BUNDLE_IDENTIFIER = com.currenttech.SugarShift.Widgets;
				PRODUCT_NAME = "$(TARGET_NAME)";
				SKIP_INSTALL = YES;
				SWIFT_EMIT_LOC_STRINGS = YES;
				SWIFT_VERSION = 5.0;
				TARGETED_DEVICE_FAMILY = "1,2";
			};
			name = Debug;
		};
		AA770000000000000000000E /* Release */ = {
			isa = XCBuildConfiguration;
			buildSettings = {
				CODE_SIGN_ENTITLEMENTS = SugarShiftWidgets/SugarShiftWidgets.entitlements;
				CODE_SIGN_STYLE = Automatic;
				CURRENT_PROJECT_VERSION = 8;
				DEVELOPMENT_TEAM = B98QD8MH9U;
				GENERATE_INFOPLIST_FILE = YES;
				INFOPLIST_FILE = SugarShiftWidgets/Info.plist;
				INFOPLIST_KEY_CFBundleDisplayName = SugarShift;
				INFOPLIST_KEY_NSHumanReadableCopyright = "";
				IPHONEOS_DEPLOYMENT_TARGET = 17.0;
				LD_RUNPATH_SEARCH_PATHS = (
					"$(inherited)",
					"@executable_path/Frameworks",
					"@executable_path/../../Frameworks",
				);
				MARKETING_VERSION = 1.0;
				PRODUCT_BUNDLE_IDENTIFIER = com.currenttech.SugarShift.Widgets;
				PRODUCT_NAME = "$(TARGET_NAME)";
				SKIP_INSTALL = YES;
				SWIFT_EMIT_LOC_STRINGS = YES;
				SWIFT_VERSION = 5.0;
				TARGETED_DEVICE_FAMILY = "1,2";
			};
			name = Release;
		};
/* End XCBuildConfiguration section */

/* Begin XCConfigurationList section */
		5B167D3E2FA28BA000FFC986 /* Build configuration list for PBXProject "SugarShift" */ = {
			isa = XCConfigurationList;
			buildConfigurations = (
				5B167D6E2FA28BA300FFC986 /* Debug */,
				5B167D6F2FA28BA300FFC986 /* Release */,
			);
			defaultConfigurationIsVisible = 0;
			defaultConfigurationName = Release;
		};
		5B167D702FA28BA300FFC986 /* Build configuration list for PBXNativeTarget "SugarShift" */ = {
			isa = XCConfigurationList;
			buildConfigurations = (
				5B167D712FA28BA300FFC986 /* Debug */,
				5B167D722FA28BA300FFC986 /* Release */,
			);
			defaultConfigurationIsVisible = 0;
			defaultConfigurationName = Release;
		};
		5B167D732FA28BA300FFC986 /* Build configuration list for PBXNativeTarget "SugarShiftTests" */ = {
			isa = XCConfigurationList;
			buildConfigurations = (
				5B167D742FA28BA300FFC986 /* Debug */,
				5B167D752FA28BA300FFC986 /* Release */,
			);
			defaultConfigurationIsVisible = 0;
			defaultConfigurationName = Release;
		};
		5B167D762FA28BA300FFC986 /* Build configuration list for PBXNativeTarget "SugarShiftUITests" */ = {
			isa = XCConfigurationList;
			buildConfigurations = (
				5B167D772FA28BA300FFC986 /* Debug */,
				5B167D782FA28BA300FFC986 /* Release */,
			);
			defaultConfigurationIsVisible = 0;
			defaultConfigurationName = Release;
		};
		AA770000000000000000000C /* Build configuration list for PBXNativeTarget "SugarShiftWidgetsExtension" */ = {
			isa = XCConfigurationList;
			buildConfigurations = (
				AA770000000000000000000D /* Debug */,
				AA770000000000000000000E /* Release */,
			);
			defaultConfigurationIsVisible = 0;
			defaultConfigurationName = Release;
		};
/* End XCConfigurationList section */

/* Begin XCRemoteSwiftPackageReference section */
		FBA000092FA4000100000009 /* XCRemoteSwiftPackageReference "firebase-ios-sdk" */ = {
			isa = XCRemoteSwiftPackageReference;
			repositoryURL = "https://github.com/firebase/firebase-ios-sdk";
			requirement = {
				kind = upToNextMajorVersion;
				minimumVersion = 12.7.0;
			};
		};
/* End XCRemoteSwiftPackageReference section */

/* Begin XCSwiftPackageProductDependency section */
		FBA000052FA4000100000005 /* FirebaseCore */ = {
			isa = XCSwiftPackageProductDependency;
			package = FBA000092FA4000100000009 /* XCRemoteSwiftPackageReference "firebase-ios-sdk" */;
			productName = FirebaseCore;
		};
		FBA000062FA4000100000006 /* FirebaseAuth */ = {
			isa = XCSwiftPackageProductDependency;
			package = FBA000092FA4000100000009 /* XCRemoteSwiftPackageReference "firebase-ios-sdk" */;
			productName = FirebaseAuth;
		};
		FBA000082FA4000100000008 /* FirebaseFunctions */ = {
			isa = XCSwiftPackageProductDependency;
			package = FBA000092FA4000100000009 /* XCRemoteSwiftPackageReference "firebase-ios-sdk" */;
			productName = FirebaseFunctions;
		};
/* End XCSwiftPackageProductDependency section */
	};
	rootObject = 5B167D3B2FA28BA000FFC986 /* Project object */;
}
